// !$*UTF8*$!
{
	archiveVersion = 1;
	classes = {
	};
	objectVersion = 46;
	objects = {

/* Begin PBXBuildFile section */
		888C2EF8192157210049C1B3 /* Foundation.framework in Frameworks */ = {isa = PBXBuildFile; fileRef = 888C2EF7192157210049C1B3 /* Foundation.framework */; };
		888C2EFA192157210049C1B3 /* CoreGraphics.framework in Frameworks */ = {isa = PBXBuildFile; fileRef = 888C2EF9192157210049C1B3 /* CoreGraphics.framework */; };
		888C2EFC192157210049C1B3 /* UIKit.framework in Frameworks */ = {isa = PBXBuildFile; fileRef = 888C2EFB192157210049C1B3 /* UIKit.framework */; };
		888C2F02192157210049C1B3 /* InfoPlist.strings in Resources */ = {isa = PBXBuildFile; fileRef = 888C2F00192157210049C1B3 /* InfoPlist.strings */; };
		888C2F04192157210049C1B3 /* main.m in Sources */ = {isa = PBXBuildFile; fileRef = 888C2F03192157210049C1B3 /* main.m */; };
		888C2F08192157210049C1B3 /* BLAppDelegate.m in Sources */ = {isa = PBXBuildFile; fileRef = 888C2F07192157210049C1B3 /* BLAppDelegate.m */; };
		888C2F0B192157210049C1B3 /* Main.storyboard in Resources */ = {isa = PBXBuildFile; fileRef = 888C2F09192157210049C1B3 /* Main.storyboard */; };
		888C2F0E192157210049C1B3 /* BLViewController.m in Sources */ = {isa = PBXBuildFile; fileRef = 888C2F0D192157210049C1B3 /* BLViewController.m */; };
		888C2F10192157210049C1B3 /* Images.xcassets in Resources */ = {isa = PBXBuildFile; fileRef = 888C2F0F192157210049C1B3 /* Images.xcassets */; };
		888C2F17192157210049C1B3 /* XCTest.framework in Frameworks */ = {isa = PBXBuildFile; fileRef = 888C2F16192157210049C1B3 /* XCTest.framework */; };
		888C2F18192157210049C1B3 /* Foundation.framework in Frameworks */ = {isa = PBXBuildFile; fileRef = 888C2EF7192157210049C1B3 /* Foundation.framework */; };
		888C2F19192157210049C1B3 /* UIKit.framework in Frameworks */ = {isa = PBXBuildFile; fileRef = 888C2EFB192157210049C1B3 /* UIKit.framework */; };
		888C2F21192157210049C1B3 /* InfoPlist.strings in Resources */ = {isa = PBXBuildFile; fileRef = 888C2F1F192157210049C1B3 /* InfoPlist.strings */; };
		888C2F23192157210049C1B3 /* Table2Tests.m in Sources */ = {isa = PBXBuildFile; fileRef = 888C2F22192157210049C1B3 /* Table2Tests.m */; };
/* End PBXBuildFile section */

/* Begin PBXContainerItemProxy section */
		888C2F1A192157210049C1B3 /* PBXContainerItemProxy */ = {
			isa = PBXContainerItemProxy;
			containerPortal = 888C2EEC192157210049C1B3 /* Project object */;
			proxyType = 1;
			remoteGlobalIDString = 888C2EF3192157210049C1B3;
			remoteInfo = Table2;
		};
/* End PBXContainerItemProxy section */

/* Begin PBXFileReference section */
		888C2EF4192157210049C1B3 /* Table2.app */ = {isa = PBXFileReference; explicitFileType = wrapper.application; includeInIndex = 0; path = Table2.app; sourceTree = BUILT_PRODUCTS_DIR; };
		888C2EF7192157210049C1B3 /* Foundation.framework */ = {isa = PBXFileReference; lastKnownFileType = wrapper.framework; name = Foundation.framework; path = System/Library/Frameworks/Foundation.framework; sourceTree = SDKROOT; };
		888C2EF9192157210049C1B3 /* CoreGraphics.framework */ = {isa = PBXFileReference; lastKnownFileType = wrapper.framework; name = CoreGraphics.framework; path = System/Library/Frameworks/CoreGraphics.framework; sourceTree = SDKROOT; };
		888C2EFB192157210049C1B3 /* UIKit.framework */ = {isa = PBXFileReference; lastKnownFileType = wrapper.framework; name = UIKit.framework; path = System/Library/Frameworks/UIKit.framework; sourceTree = SDKROOT; };
		888C2EFF192157210049C1B3 /* Table2-Info.plist */ = {isa = PBXFileReference; lastKnownFileType = text.plist.xml; path = "Table2-Info.plist"; sourceTree = "<group>"; };
		888C2F01192157210049C1B3 /* en */ = {isa = PBXFileReference; lastKnownFileType = text.plist.strings; name = en; path = en.lproj/InfoPlist.strings; sourceTree = "<group>"; };
		888C2F03192157210049C1B3 /* main.m */ = {isa = PBXFileReference; lastKnownFileType = sourcecode.c.objc; path = main.m; sourceTree = "<group>"; };
		888C2F05192157210049C1B3 /* Table2-Prefix.pch */ = {isa = PBXFileReference; lastKnownFileType = sourcecode.c.h; path = "Table2-Prefix.pch"; sourceTree = "<group>"; };
		888C2F06192157210049C1B3 /* BLAppDelegate.h */ = {isa = PBXFileReference; lastKnownFileType = sourcecode.c.h; path = BLAppDelegate.h; sourceTree = "<group>"; };
		888C2F07192157210049C1B3 /* BLAppDelegate.m */ = {isa = PBXFileReference; lastKnownFileType = sourcecode.c.objc; path = BLAppDelegate.m; sourceTree = "<group>"; };
		888C2F0A192157210049C1B3 /* Base */ = {isa = PBXFileReference; lastKnownFileType = file.storyboard; name = Base; path = Base.lproj/Main.storyboard; sourceTree = "<group>"; };
		888C2F0C192157210049C1B3 /* BLViewController.h */ = {isa = PBXFileReference; lastKnownFileType = sourcecode.c.h; path = BLViewController.h; sourceTree = "<group>"; };
		888C2F0D192157210049C1B3 /* BLViewController.m */ = {isa = PBXFileReference; lastKnownFileType = sourcecode.c.objc; path = BLViewController.m; sourceTree = "<group>"; };
		888C2F0F192157210049C1B3 /* Images.xcassets */ = {isa = PBXFileReference; lastKnownFileType = folder.assetcatalog; path = Images.xcassets; sourceTree = "<group>"; };
		888C2F15192157210049C1B3 /* Table2Tests.xctest */ = {isa = PBXFileReference; explicitFileType = wrapper.cfbundle; includeInIndex = 0; path = Table2Tests.xctest; sourceTree = BUILT_PRODUCTS_DIR; };
		888C2F16192157210049C1B3 /* XCTest.framework */ = {isa = PBXFileReference; lastKnownFileType = wrapper.framework; name = XCTest.framework; path = Library/Frameworks/XCTest.framework; sourceTree = DEVELOPER_DIR; };
		888C2F1E192157210049C1B3 /* Table2Tests-Info.plist */ = {isa = PBXFileReference; lastKnownFileType = text.plist.xml; path = "Table2Tests-Info.plist"; sourceTree = "<group>"; };
		888C2F20192157210049C1B3 /* en */ = {isa = PBXFileReference; lastKnownFileType = text.plist.strings; name = en; path = en.lproj/InfoPlist.strings; sourceTree = "<group>"; };
		888C2F22192157210049C1B3 /* Table2Tests.m */ = {isa = PBXFileReference; lastKnownFileType = sourcecode.c.objc; path = Table2Tests.m; sourceTree = "<group>"; };
/* End PBXFileReference section */

/* Begin PBXFrameworksBuildPhase section */
		888C2EF1192157210049C1B3 /* Frameworks */ = {
			isa = PBXFrameworksBuildPhase;
			buildActionMask = 2147483647;
			files = (
				888C2EFA192157210049C1B3 /* CoreGraphics.framework in Frameworks */,
				888C2EFC192157210049C1B3 /* UIKit.framework in Frameworks */,
				888C2EF8192157210049C1B3 /* Foundation.framework in Frameworks */,
			);
			runOnlyForDeploymentPostprocessing = 0;
		};
		888C2F12192157210049C1B3 /* Frameworks */ = {
			isa = PBXFrameworksBuildPhase;
			buildActionMask = 2147483647;
			files = (
				888C2F17192157210049C1B3 /* XCTest.framework in Frameworks */,
				888C2F19192157210049C1B3 /* UIKit.framework in Frameworks */,
				888C2F18192157210049C1B3 /* Foundation.framework in Frameworks */,
			);
			runOnlyForDeploymentPostprocessing = 0;
		};
/* End PBXFrameworksBuildPhase section */

/* Begin PBXGroup section */
		888C2EEB192157210049C1B3 = {
			isa = PBXGroup;
			children = (
				888C2EFD192157210049C1B3 /* Table2 */,
				888C2F1C192157210049C1B3 /* Table2Tests */,
				888C2EF6192157210049C1B3 /* Frameworks */,
				888C2EF5192157210049C1B3 /* Products */,
			);
			sourceTree = "<group>";
		};
		888C2EF5192157210049C1B3 /* Products */ = {
			isa = PBXGroup;
			children = (
				888C2EF4192157210049C1B3 /* Table2.app */,
				888C2F15192157210049C1B3 /* Table2Tests.xctest */,
			);
			name = Products;
			sourceTree = "<group>";
		};
		888C2EF6192157210049C1B3 /* Frameworks */ = {
			isa = PBXGroup;
			children = (
				888C2EF7192157210049C1B3 /* Foundation.framework */,
				888C2EF9192157210049C1B3 /* CoreGraphics.framework */,
				888C2EFB192157210049C1B3 /* UIKit.framework */,
				888C2F16192157210049C1B3 /* XCTest.framework */,
			);
			name = Frameworks;
			sourceTree = "<group>";
		};
		888C2EFD192157210049C1B3 /* Table2 */ = {
			isa = PBXGroup;
			children = (
				888C2F06192157210049C1B3 /* BLAppDelegate.h */,
				888C2F07192157210049C1B3 /* BLAppDelegate.m */,
				888C2F09192157210049C1B3 /* Main.storyboard */,
				888C2F0C192157210049C1B3 /* BLViewController.h */,
				888C2F0D192157210049C1B3 /* BLViewController.m */,
				888C2F0F192157210049C1B3 /* Images.xcassets */,
				888C2EFE192157210049C1B3 /* Supporting Files */,
			);
			path = Table2;
			sourceTree = "<group>";
		};
		888C2EFE192157210049C1B3 /* Supporting Files */ = {
			isa = PBXGroup;
			children = (
				888C2EFF192157210049C1B3 /* Table2-Info.plist */,
				888C2F00192157210049C1B3 /* InfoPlist.strings */,
				888C2F03192157210049C1B3 /* main.m */,
				888C2F05192157210049C1B3 /* Table2-Prefix.pch */,
			);
			name = "Supporting Files";
			sourceTree = "<group>";
		};
		888C2F1C192157210049C1B3 /* Table2Tests */ = {
			isa = PBXGroup;
			children = (
				888C2F22192157210049C1B3 /* Table2Tests.m */,
				888C2F1D192157210049C1B3 /* Supporting Files */,
			);
			path = Table2Tests;
			sourceTree = "<group>";
		};
		888C2F1D192157210049C1B3 /* Supporting Files */ = {
			isa = PBXGroup;
			children = (
				888C2F1E192157210049C1B3 /* Table2Tests-Info.plist */,
				888C2F1F192157210049C1B3 /* InfoPlist.strings */,
			);
			name = "Supporting Files";
			sourceTree = "<group>";
		};
/* End PBXGroup section */

/* Begin PBXNativeTarget section */
		888C2EF3192157210049C1B3 /* Table2 */ = {
			isa = PBXNativeTarget;
			buildConfigurationList = 888C2F26192157220049C1B3 /* Build configuration list for PBXNativeTarget "Table2" */;
			buildPhases = (
				888C2EF0192157210049C1B3 /* Sources */,
				888C2EF1192157210049C1B3 /* Frameworks */,
				888C2EF2192157210049C1B3 /* Resources */,
			);
			buildRules = (
			);
			dependencies = (
			);
			name = Table2;
			productName = Table2;
			productReference = 888C2EF4192157210049C1B3 /* Table2.app */;
			productType = "com.apple.product-type.application";
		};
		888C2F14192157210049C1B3 /* Table2Tests */ = {
			isa = PBXNativeTarget;
			buildConfigurationList = 888C2F29192157220049C1B3 /* Build configuration list for PBXNativeTarget "Table2Tests" */;
			buildPhases = (
				888C2F11192157210049C1B3 /* Sources */,
				888C2F12192157210049C1B3 /* Frameworks */,
				888C2F13192157210049C1B3 /* Resources */,
			);
			buildRules = (
			);
			dependencies = (
				888C2F1B192157210049C1B3 /* PBXTargetDependency */,
			);
			name = Table2Tests;
			productName = Table2Tests;
			productReference = 888C2F15192157210049C1B3 /* Table2Tests.xctest */;
			productType = "com.apple.product-type.bundle.unit-test";
		};
/* End PBXNativeTarget section */

/* Begin PBXProject section */
		888C2EEC192157210049C1B3 /* Project object */ = {
			isa = PBXProject;
			attributes = {
				CLASSPREFIX = BL;
				LastUpgradeCheck = 0510;
				ORGANIZATIONNAME = "___FULLUSERNAME___";
				TargetAttributes = {
					888C2F14192157210049C1B3 = {
						TestTargetID = 888C2EF3192157210049C1B3;
					};
				};
			};
			buildConfigurationList = 888C2EEF192157210049C1B3 /* Build configuration list for PBXProject "Table2" */;
			compatibilityVersion = "Xcode 3.2";
			developmentRegion = English;
			hasScannedForEncodings = 0;
			knownRegions = (
				en,
				Base,
			);
			mainGroup = 888C2EEB192157210049C1B3;
			productRefGroup = 888C2EF5192157210049C1B3 /* Products */;
			projectDirPath = "";
			projectRoot = "";
			targets = (
				888C2EF3192157210049C1B3 /* Table2 */,
				888C2F14192157210049C1B3 /* Table2Tests */,
			);
		};
/* End PBXProject section */

/* Begin PBXResourcesBuildPhase section */
		888C2EF2192157210049C1B3 /* Resources */ = {
			isa = PBXResourcesBuildPhase;
			buildActionMask = 2147483647;
			files = (
				888C2F10192157210049C1B3 /* Images.xcassets in Resources */,
				888C2F02192157210049C1B3 /* InfoPlist.strings in Resources */,
				888C2F0B192157210049C1B3 /* Main.storyboard in Resources */,
			);
			runOnlyForDeploymentPostprocessing = 0;
		};
		888C2F13192157210049C1B3 /* Resources */ = {
			isa = PBXResourcesBuildPhase;
			buildActionMask = 2147483647;
			files = (
				888C2F21192157210049C1B3 /* InfoPlist.strings in Resources */,
			);
			runOnlyForDeploymentPostprocessing = 0;
		};
/* End PBXResourcesBuildPhase section */

/* Begin PBXSourcesBuildPhase section */
		888C2EF0192157210049C1B3 /* Sources */ = {
			isa = PBXSourcesBuildPhase;
			buildActionMask = 2147483647;
			files = (
				888C2F0E192157210049C1B3 /* BLViewController.m in Sources */,
				888C2F08192157210049C1B3 /* BLAppDelegate.m in Sources */,
				888C2F04192157210049C1B3 /* main.m in Sources */,
			);
			runOnlyForDeploymentPostprocessing = 0;
		};
		888C2F11192157210049C1B3 /* Sources */ = {
			isa = PBXSourcesBuildPhase;
			buildActionMask = 2147483647;
			files = (
				888C2F23192157210049C1B3 /* Table2Tests.m in Sources */,
			);
			runOnlyForDeploymentPostprocessing = 0;
		};
/* End PBXSourcesBuildPhase section */

/* Begin PBXTargetDependency section */
		888C2F1B192157210049C1B3 /* PBXTargetDependency */ = {
			isa = PBXTargetDependency;
			target = 888C2EF3192157210049C1B3 /* Table2 */;
			targetProxy = 888C2F1A192157210049C1B3 /* PBXContainerItemProxy */;
		};
/* End PBXTargetDependency section */

/* Begin PBXVariantGroup section */
		888C2F00192157210049C1B3 /* InfoPlist.strings */ = {
			isa = PBXVariantGroup;
			children = (
				888C2F01192157210049C1B3 /* en */,
			);
			name = InfoPlist.strings;
			sourceTree = "<group>";
		};
		888C2F09192157210049C1B3 /* Main.storyboard */ = {
			isa = PBXVariantGroup;
			children = (
				888C2F0A192157210049C1B3 /* Base */,
			);
			name = Main.storyboard;
			sourceTree = "<group>";
		};
		888C2F1F192157210049C1B3 /* InfoPlist.strings */ = {
			isa = PBXVariantGroup;
			children = (
				888C2F20192157210049C1B3 /* en */,
			);
			name = InfoPlist.strings;
			sourceTree = "<group>";
		};
/* End PBXVariantGroup section */

/* Begin XCBuildConfiguration section */
		888C2F24192157220049C1B3 /* Debug */ = {
			isa = XCBuildConfiguration;
			buildSettings = {
				ALWAYS_SEARCH_USER_PATHS = NO;
				CLANG_CXX_LANGUAGE_STANDARD = "gnu++0x";
				CLANG_CXX_LIBRARY = "libc++";
				CLANG_ENABLE_MODULES = YES;
				CLANG_ENABLE_OBJC_ARC = YES;
				CLANG_WARN_BOOL_CONVERSION = YES;
				CLANG_WARN_CONSTANT_CONVERSION = YES;
				CLANG_WARN_DIRECT_OBJC_ISA_USAGE = YES_ERROR;
				CLANG_WARN_EMPTY_BODY = YES;
				CLANG_WARN_ENUM_CONVERSION = YES;
				CLANG_WARN_INT_CONVERSION = YES;
				CLANG_WARN_OBJC_ROOT_CLASS = YES_ERROR;
				CLANG_WARN__DUPLICATE_METHOD_MATCH = YES;
				"CODE_SIGN_IDENTITY[sdk=iphoneos*]" = "iPhone Developer";
				COPY_PHASE_STRIP = NO;
				GCC_C_LANGUAGE_STANDARD = gnu99;
				GCC_DYNAMIC_NO_PIC = NO;
				GCC_OPTIMIZATION_LEVEL = 0;
				GCC_PREPROCESSOR_DEFINITIONS = (
					"DEBUG=1",
					"$(inherited)",
				);
				GCC_SYMBOLS_PRIVATE_EXTERN = NO;
				GCC_WARN_64_TO_32_BIT_CONVERSION = YES;
				GCC_WARN_ABOUT_RETURN_TYPE = YES_ERROR;
				GCC_WARN_UNDECLARED_SELECTOR = YES;
				GCC_WARN_UNINITIALIZED_AUTOS = YES_AGGRESSIVE;
				GCC_WARN_UNUSED_FUNCTION = YES;
				GCC_WARN_UNUSED_VARIABLE = YES;
				IPHONEOS_DEPLOYMENT_TARGET = 7.1;
				ONLY_ACTIVE_ARCH = YES;
				SDKROOT = iphoneos;
			};
			name = Debug;
		};
		888C2F25192157220049C1B3 /* Release */ = {
			isa = XCBuildConfiguration;
			buildSettings = {
				ALWAYS_SEARCH_USER_PATHS = NO;
				CLANG_CXX_LANGUAGE_STANDARD = "gnu++0x";
				CLANG_CXX_LIBRARY = "libc++";
				CLANG_ENABLE_MODULES = YES;
				CLANG_ENABLE_OBJC_ARC = YES;
				CLANG_WARN_BOOL_CONVERSION = YES;
				CLANG_WARN_CONSTANT_CONVERSION = YES;
				CLANG_WARN_DIRECT_OBJC_ISA_USAGE = YES_ERROR;
				CLANG_WARN_EMPTY_BODY = YES;
				CLANG_WARN_ENUM_CONVERSION = YES;
				CLANG_WARN_INT_CONVERSION = YES;
				CLANG_WARN_OBJC_ROOT_CLASS = YES_ERROR;
				CLANG_WARN__DUPLICATE_METHOD_MATCH = YES;
				"CODE_SIGN_IDENTITY[sdk=iphoneos*]" = "iPhone Developer";
				COPY_PHASE_STRIP = YES;
				ENABLE_NS_ASSERTIONS = NO;
				GCC_C_LANGUAGE_STANDARD = gnu99;
				GCC_WARN_64_TO_32_BIT_CONVERSION = YES;
				GCC_WARN_ABOUT_RETURN_TYPE = YES_ERROR;
				GCC_WARN_UNDECLARED_SELECTOR = YES;
				GCC_WARN_UNINITIALIZED_AUTOS = YES_AGGRESSIVE;
				GCC_WARN_UNUSED_FUNCTION = YES;
				GCC_WARN_UNUSED_VARIABLE = YES;
				IPHONEOS_DEPLOYMENT_TARGET = 7.1;
				SDKROOT = iphoneos;
				VALIDATE_PRODUCT = YES;
			};
			name = Release;
		};
		888C2F27192157220049C1B3 /* Debug */ = {
			isa = XCBuildConfiguration;
			buildSettings = {
				ASSETCATALOG_COMPILER_APPICON_NAME = AppIcon;
				ASSETCATALOG_COMPILER_LAUNCHIMAGE_NAME = LaunchImage;
				GCC_PRECOMPILE_PREFIX_HEADER = YES;
				GCC_PREFIX_HEADER = "Table2/Table2-Prefix.pch";
				INFOPLIST_FILE = "Table2/Table2-Info.plist";
				PRODUCT_NAME = "$(TARGET_NAME)";
				WRAPPER_EXTENSION = app;
			};
			name = Debug;
		};
		888C2F28192157220049C1B3 /* Release */ = {
			isa = XCBuildConfiguration;
			buildSettings = {
				ASSETCATALOG_COMPILER_APPICON_NAME = AppIcon;
				ASSETCATALOG_COMPILER_LAUNCHIMAGE_NAME = LaunchImage;
				GCC_PRECOMPILE_PREFIX_HEADER = YES;
				GCC_PREFIX_HEADER = "Table2/Table2-Prefix.pch";
				INFOPLIST_FILE = "Table2/Table2-Info.plist";
				PRODUCT_NAME = "$(TARGET_NAME)";
				WRAPPER_EXTENSION = app;
			};
			name = Release;
		};
		888C2F2A192157220049C1B3 /* Debug */ = {
			isa = XCBuildConfiguration;
			buildSettings = {
				BUNDLE_LOADER = "$(BUILT_PRODUCTS_DIR)/Table2.app/Table2";
				FRAMEWORK_SEARCH_PATHS = (
					"$(SDKROOT)/Developer/Library/Frameworks",
					"$(inherited)",
					"$(DEVELOPER_FRAMEWORKS_DIR)",
				);
				GCC_PRECOMPILE_PREFIX_HEADER = YES;
				GCC_PREFIX_HEADER = "Table2/Table2-Prefix.pch";
				GCC_PREPROCESSOR_DEFINITIONS = (
					"DEBUG=1",
					"$(inherited)",
				);
				INFOPLIST_FILE = "Table2Tests/Table2Tests-Info.plist";
				PRODUCT_NAME = "$(TARGET_NAME)";
				TEST_HOST = "$(BUNDLE_LOADER)";
				WRAPPER_EXTENSION = xctest;
			};
			name = Debug;
		};
		888C2F2B192157220049C1B3 /* Release */ = {
			isa = XCBuildConfiguration;
			buildSettings = {
				BUNDLE_LOADER = "$(BUILT_PRODUCTS_DIR)/Table2.app/Table2";
				FRAMEWORK_SEARCH_PATHS = (
					"$(SDKROOT)/Developer/Library/Frameworks",
					"$(inherited)",
					"$(DEVELOPER_FRAMEWORKS_DIR)",
				);
				GCC_PRECOMPILE_PREFIX_HEADER = YES;
				GCC_PREFIX_HEADER = "Table2/Table2-Prefix.pch";
				INFOPLIST_FILE = "Table2Tests/Table2Tests-Info.plist";
				PRODUCT_NAME = "$(TARGET_NAME)";
				TEST_HOST = "$(BUNDLE_LOADER)";
				WRAPPER_EXTENSION = xctest;
			};
			name = Release;
		};
/* End XCBuildConfiguration section */

/* Begin XCConfigurationList section */
		888C2EEF192157210049C1B3 /* Build configuration list for PBXProject "Table2" */ = {
			isa = XCConfigurationList;
			buildConfigurations = (
				888C2F24192157220049C1B3 /* Debug */,
				888C2F25192157220049C1B3 /* Release */,
			);
			defaultConfigurationIsVisible = 0;
			defaultConfigurationName = Release;
		};
		888C2F26192157220049C1B3 /* Build configuration list for PBXNativeTarget "Table2" */ = {
			isa = XCConfigurationList;
			buildConfigurations = (
				888C2F27192157220049C1B3 /* Debug */,
				888C2F28192157220049C1B3 /* Release */,
			);
			defaultConfigurationIsVisible = 0;
		};
		888C2F29192157220049C1B3 /* Build configuration list for PBXNativeTarget "Table2Tests" */ = {
			isa = XCConfigurationList;
			buildConfigurations = (
				888C2F2A192157220049C1B3 /* Debug */,
				888C2F2B192157220049C1B3 /* Release */,
			);
			defaultConfigurationIsVisible = 0;
		};
/* End XCConfigurationList section */
	};
	rootObject = 888C2EEC192157210049C1B3 /* Project object */;
}
